
Microsoft Visual Studio Solution File, Format Version 12.00
# Visual Studio Version 17
VisualStudioVersion = 17.13.35825.156
MinimumVisualStudioVersion = 10.0.40219.1
Project("{FAE04EC0-301F-11D3-BF4B-00C04F79EFBC}") = "Producer", "Producer\Producer.csproj", "{FABFFE59-9A3A-4023-A789-48A3762B6C98}"
EndProject
Project("{2150E333-8FDC-42A3-9474-1A3956D46DE8}") = "Point_to_Point", "Point_to_Point", "{02EA681E-C7D8-13C7-8484-4AC65E1B71E8}"
EndProject
Project("{FAE04EC0-301F-11D3-BF4B-00C04F79EFBC}") = "Common", "Common\Common.csproj", "{D33F9157-C13B-4FD3-A8D5-B6FA7C1F7210}"
EndProject
Project("{FAE04EC0-301F-11D3-BF4B-00C04F79EFBC}") = "Consumer", "Point_to_Point\Consumer\Consumer.csproj", "{8956130F-B099-4A56-B8E0-2B12C549B1C9}"
EndProject
Project("{2150E333-8FDC-42A3-9474-1A3956D46DE8}") = "Work_Queue", "Work_Queue", "{9758189D-8AC8-4FD1-BE29-1918524560FD}"
EndProject
Project("{FAE04EC0-301F-11D3-BF4B-00C04F79EFBC}") = "Consumer", "Work_Queue\Consumer\Consumer.csproj", "{5A403AB2-8F97-4FFA-86A8-51DF73C25220}"
EndProject
Project("{2150E333-8FDC-42A3-9474-1A3956D46DE8}") = "Publish_Subscribe", "Publish_Subscribe", "{573E24C2-488E-4808-955E-0D7AE0F07F5D}"
EndProject
Project("{FAE04EC0-301F-11D3-BF4B-00C04F79EFBC}") = "SubscriberOne", "Publish_Subscriber\SubscriberOne\SubscriberOne.csproj", "{0C4EE208-28D3-420C-8D03-7332B7828D83}"
EndProject
Project("{FAE04EC0-301F-11D3-BF4B-00C04F79EFBC}") = "SubscriberTwo", "Publish_Subscriber\SubscriberTwo\SubscriberTwo.csproj", "{31C42AFE-C5A7-46A5-A8B6-BB62DE81621E}"
EndProject
Project("{2150E333-8FDC-42A3-9474-1A3956D46DE8}") = "Route_Direct_Exchange", "Route_Direct_Exchange", "{FE0BECAD-BCE2-43B7-A4C1-6C387884943E}"
EndProject
Project("{2150E333-8FDC-42A3-9474-1A3956D46DE8}") = "Topic_Exchange", "Topic_Exchange", "{4DC5A35F-9EED-4D09-9B06-ADDF31C9BB23}"
EndProject
Project("{FAE04EC0-301F-11D3-BF4B-00C04F79EFBC}") = "Consumer", "Topic_Exchange\Consumer\Consumer.csproj", "{AA5B4079-2750-4C4F-9AC1-FA680BE491A5}"
EndProject
Project("{2150E333-8FDC-42A3-9474-1A3956D46DE8}") = "Request_Response", "Request_Response", "{E375334E-A6CC-4276-9145-DD1BF271032B}"
EndProject
Project("{FAE04EC0-301F-11D3-BF4B-00C04F79EFBC}") = "Consumer", "Request_Response\Consumer\Consumer.csproj", "{BFB3545B-83D7-4D0E-A8F8-56F039BD71F1}"
EndProject
Project("{2150E333-8FDC-42A3-9474-1A3956D46DE8}") = "Priority_Queue", "Priority_Queue", "{7BB2F25F-B040-4CC4-A81B-28203307B35F}"
EndProject
Project("{FAE04EC0-301F-11D3-BF4B-00C04F79EFBC}") = "Consumer", "Priority_Queue\Consumer\Consumer.csproj", "{5F70EBBE-5DD2-4E27-AC08-D450B5858351}"
EndProject
Project("{2150E333-8FDC-42A3-9474-1A3956D46DE8}") = "Saga", "Saga", "{645AA65A-CA03-4B7D-B2BD-BE18F5737E54}"
EndProject
Project("{FAE04EC0-301F-11D3-BF4B-00C04F79EFBC}") = "Consumer", "Saga\Consumer\Consumer.csproj", "{BB038A49-BD0B-4031-A499-7462751FD0AD}"
EndProject
Project("{FAE04EC0-301F-11D3-BF4B-00C04F79EFBC}") = "Consumer", "Route_Direct_Exchange\Consumer\Consumer.csproj", "{47C8B852-A624-4BAB-A060-3F6A22D79066}"
EndProject
Global
	GlobalSection(SolutionConfigurationPlatforms) = preSolution
		Debug|Any CPU = Debug|Any CPU
		Release|Any CPU = Release|Any CPU
	EndGlobalSection
	GlobalSection(ProjectConfigurationPlatforms) = postSolution
		{FABFFE59-9A3A-4023-A789-48A3762B6C98}.Debug|Any CPU.ActiveCfg = Debug|Any CPU
		{FABFFE59-9A3A-4023-A789-48A3762B6C98}.Debug|Any CPU.Build.0 = Debug|Any CPU
		{FABFFE59-9A3A-4023-A789-48A3762B6C98}.Release|Any CPU.ActiveCfg = Release|Any CPU
		{FABFFE59-9A3A-4023-A789-48A3762B6C98}.Release|Any CPU.Build.0 = Release|Any CPU
		{D33F9157-C13B-4FD3-A8D5-B6FA7C1F7210}.Debug|Any CPU.ActiveCfg = Debug|Any CPU
		{D33F9157-C13B-4FD3-A8D5-B6FA7C1F7210}.Debug|Any CPU.Build.0 = Debug|Any CPU
		{D33F9157-C13B-4FD3-A8D5-B6FA7C1F7210}.Release|Any CPU.ActiveCfg = Release|Any CPU
		{D33F9157-C13B-4FD3-A8D5-B6FA7C1F7210}.Release|Any CPU.Build.0 = Release|Any CPU
		{8956130F-B099-4A56-B8E0-2B12C549B1C9}.Debug|Any CPU.ActiveCfg = Debug|Any CPU
		{8956130F-B099-4A56-B8E0-2B12C549B1C9}.Debug|Any CPU.Build.0 = Debug|Any CPU
		{8956130F-B099-4A56-B8E0-2B12C549B1C9}.Release|Any CPU.ActiveCfg = Release|Any CPU
		{8956130F-B099-4A56-B8E0-2B12C549B1C9}.Release|Any CPU.Build.0 = Release|Any CPU
		{5A403AB2-8F97-4FFA-86A8-51DF73C25220}.Debug|Any CPU.ActiveCfg = Debug|Any CPU
		{5A403AB2-8F97-4FFA-86A8-51DF73C25220}.Debug|Any CPU.Build.0 = Debug|Any CPU
		{5A403AB2-8F97-4FFA-86A8-51DF73C25220}.Release|Any CPU.ActiveCfg = Release|Any CPU
		{5A403AB2-8F97-4FFA-86A8-51DF73C25220}.Release|Any CPU.Build.0 = Release|Any CPU
		{0C4EE208-28D3-420C-8D03-7332B7828D83}.Debug|Any CPU.ActiveCfg = Debug|Any CPU
		{0C4EE208-28D3-420C-8D03-7332B7828D83}.Debug|Any CPU.Build.0 = Debug|Any CPU
		{0C4EE208-28D3-420C-8D03-7332B7828D83}.Release|Any CPU.ActiveCfg = Release|Any CPU
		{0C4EE208-28D3-420C-8D03-7332B7828D83}.Release|Any CPU.Build.0 = Release|Any CPU
		{31C42AFE-C5A7-46A5-A8B6-BB62DE81621E}.Debug|Any CPU.ActiveCfg = Debug|Any CPU
		{31C42AFE-C5A7-46A5-A8B6-BB62DE81621E}.Debug|Any CPU.Build.0 = Debug|Any CPU
		{31C42AFE-C5A7-46A5-A8B6-BB62DE81621E}.Release|Any CPU.ActiveCfg = Release|Any CPU
		{31C42AFE-C5A7-46A5-A8B6-BB62DE81621E}.Release|Any CPU.Build.0 = Release|Any CPU
		{AA5B4079-2750-4C4F-9AC1-FA680BE491A5}.Debug|Any CPU.ActiveCfg = Debug|Any CPU
		{AA5B4079-2750-4C4F-9AC1-FA680BE491A5}.Debug|Any CPU.Build.0 = Debug|Any CPU
		{AA5B4079-2750-4C4F-9AC1-FA680BE491A5}.Release|Any CPU.ActiveCfg = Release|Any CPU
		{AA5B4079-2750-4C4F-9AC1-FA680BE491A5}.Release|Any CPU.Build.0 = Release|Any CPU
		{BFB3545B-83D7-4D0E-A8F8-56F039BD71F1}.Debug|Any CPU.ActiveCfg = Debug|Any CPU
		{BFB3545B-83D7-4D0E-A8F8-56F039BD71F1}.Debug|Any CPU.Build.0 = Debug|Any CPU
		{BFB3545B-83D7-4D0E-A8F8-56F039BD71F1}.Release|Any CPU.ActiveCfg = Release|Any CPU
		{BFB3545B-83D7-4D0E-A8F8-56F039BD71F1}.Release|Any CPU.Build.0 = Release|Any CPU
		{5F70EBBE-5DD2-4E27-AC08-D450B5858351}.Debug|Any CPU.ActiveCfg = Debug|Any CPU
		{5F70EBBE-5DD2-4E27-AC08-D450B5858351}.Debug|Any CPU.Build.0 = Debug|Any CPU
		{5F70EBBE-5DD2-4E27-AC08-D450B5858351}.Release|Any CPU.ActiveCfg = Release|Any CPU
		{5F70EBBE-5DD2-4E27-AC08-D450B5858351}.Release|Any CPU.Build.0 = Release|Any CPU
		{BB038A49-BD0B-4031-A499-7462751FD0AD}.Debug|Any CPU.ActiveCfg = Debug|Any CPU
		{BB038A49-BD0B-4031-A499-7462751FD0AD}.Debug|Any CPU.Build.0 = Debug|Any CPU
		{BB038A49-BD0B-4031-A499-7462751FD0AD}.Release|Any CPU.ActiveCfg = Release|Any CPU
		{BB038A49-BD0B-4031-A499-7462751FD0AD}.Release|Any CPU.Build.0 = Release|Any CPU
		{47C8B852-A624-4BAB-A060-3F6A22D79066}.Debug|Any CPU.ActiveCfg = Debug|Any CPU
		{47C8B852-A624-4BAB-A060-3F6A22D79066}.Debug|Any CPU.Build.0 = Debug|Any CPU
		{47C8B852-A624-4BAB-A060-3F6A22D79066}.Release|Any CPU.ActiveCfg = Release|Any CPU
		{47C8B852-A624-4BAB-A060-3F6A22D79066}.Release|Any CPU.Build.0 = Release|Any CPU
	EndGlobalSection
	GlobalSection(SolutionProperties) = preSolution
		HideSolutionNode = FALSE
	EndGlobalSection
	GlobalSection(NestedProjects) = preSolution
		{8956130F-B099-4A56-B8E0-2B12C549B1C9} = {02EA681E-C7D8-13C7-8484-4AC65E1B71E8}
		{5A403AB2-8F97-4FFA-86A8-51DF73C25220} = {9758189D-8AC8-4FD1-BE29-1918524560FD}
		{0C4EE208-28D3-420C-8D03-7332B7828D83} = {573E24C2-488E-4808-955E-0D7AE0F07F5D}
		{31C42AFE-C5A7-46A5-A8B6-BB62DE81621E} = {573E24C2-488E-4808-955E-0D7AE0F07F5D}
		{AA5B4079-2750-4C4F-9AC1-FA680BE491A5} = {4DC5A35F-9EED-4D09-9B06-ADDF31C9BB23}
		{BFB3545B-83D7-4D0E-A8F8-56F039BD71F1} = {E375334E-A6CC-4276-9145-DD1BF271032B}
		{5F70EBBE-5DD2-4E27-AC08-D450B5858351} = {7BB2F25F-B040-4CC4-A81B-28203307B35F}
		{BB038A49-BD0B-4031-A499-7462751FD0AD} = {645AA65A-CA03-4B7D-B2BD-BE18F5737E54}
		{47C8B852-A624-4BAB-A060-3F6A22D79066} = {FE0BECAD-BCE2-43B7-A4C1-6C387884943E}
	EndGlobalSection
	GlobalSection(ExtensibilityGlobals) = postSolution
		SolutionGuid = {A29DFE54-A046-481B-BA59-FA7380B08FD7}
	EndGlobalSection
EndGlobal
